
Microsoft Visual Studio Solution File, Format Version 12.00
# Visual Studio Version 17
VisualStudioVersion = 17.5.002.0
MinimumVisualStudioVersion = 10.0.40219.1
Project("{9A19103F-16F7-4668-BE54-9A1E7A4F7556}") = "BlazorWithTailwind", "BlazorWithTailwind\BlazorWithTailwind.csproj", "{65A5095C-7AFA-4E91-8530-89C43415B6C5}"
EndProject
Project("{2150E333-8FDC-42A3-9474-1A3956D46DE8}") = "Элементы решения", "Элементы решения", "{7A8BBF3E-D8D9-4295-A648-04853777AF5A}"
	ProjectSection(SolutionItems) = preProject
		blazor-tailwind.png = blazor-tailwind.png
		main.yml = main.yml
		README.md = README.md
	EndProjectSection
EndProject
Global
	GlobalSection(SolutionConfigurationPlatforms) = preSolution
		Debug|Any CPU = Debug|Any CPU
		Release|Any CPU = Release|Any CPU
	EndGlobalSection
	GlobalSection(ProjectConfigurationPlatforms) = postSolution
		{65A5095C-7AFA-4E91-8530-89C43415B6C5}.Debug|Any CPU.ActiveCfg = Debug|Any CPU
		{65A5095C-7AFA-4E91-8530-89C43415B6C5}.Debug|Any CPU.Build.0 = Debug|Any CPU
		{65A5095C-7AFA-4E91-8530-89C43415B6C5}.Release|Any CPU.ActiveCfg = Release|Any CPU
		{65A5095C-7AFA-4E91-8530-89C43415B6C5}.Release|Any CPU.Build.0 = Release|Any CPU
	EndGlobalSection
	GlobalSection(SolutionProperties) = preSolution
		HideSolutionNode = FALSE
	EndGlobalSection
	GlobalSection(ExtensibilityGlobals) = postSolution
		SolutionGuid = {8731BB88-A175-4A31-8D86-599011B8EBE4}
	EndGlobalSection
EndGlobal
